# This file is automatically @generated by Cargo.
# It is not intended for manual editing.
version = 4

[[package]]
name = "platipus-cli"
version = "0.1.0"
dependencies = [
 "platipus-compiler",
]

[[package]]
name = "platipus-compiler"
version = "0.1.0"

[[package]]
name = "platipus-runtime"
version = "0.1.0"

[[package]]
name = "platipus-standard"
version = "0.1.0"
dependencies = [
 "platipus-runtime",
]
